
Microsoft Visual Studio Solution File, Format Version 12.00
# Visual Studio Version 16
VisualStudioVersion = 16.0.31702.278
MinimumVisualStudioVersion = 10.0.40219.1
Project("{FAE04EC0-301F-11D3-BF4B-00C04F79EFBC}") = "SahilCoRetailManager", "SRMDataManager\SahilCoRetailManager.csproj", "{BCADF3B1-FB33-4CD6-8D50-D64A4181D103}"
EndProject
Project("{00D1A9C2-B5F0-4AF3-8072-F6C62B433612}") = "SRMData", "SRMData\SRMData.sqlproj", "{0FB6A00A-7C24-455A-93EB-A0F7FF49D594}"
EndProject
Project("{FAE04EC0-301F-11D3-BF4B-00C04F79EFBC}") = "SRMDesktopUI", "SRMWPFUserInterface\SRMDesktopUI.csproj", "{63AAC616-CBD3-480C-A9BB-25DC46CF31A6}"
EndProject
Global
	GlobalSection(SolutionConfigurationPlatforms) = preSolution
		Debug|Any CPU = Debug|Any CPU
		Release|Any CPU = Release|Any CPU
	EndGlobalSection
	GlobalSection(ProjectConfigurationPlatforms) = postSolution
		{BCADF3B1-FB33-4CD6-8D50-D64A4181D103}.Debug|Any CPU.ActiveCfg = Debug|Any CPU
		{BCADF3B1-FB33-4CD6-8D50-D64A4181D103}.Debug|Any CPU.Build.0 = Debug|Any CPU
		{BCADF3B1-FB33-4CD6-8D50-D64A4181D103}.Release|Any CPU.ActiveCfg = Release|Any CPU
		{BCADF3B1-FB33-4CD6-8D50-D64A4181D103}.Release|Any CPU.Build.0 = Release|Any CPU
		{0FB6A00A-7C24-455A-93EB-A0F7FF49D594}.Debug|Any CPU.ActiveCfg = Debug|Any CPU
		{0FB6A00A-7C24-455A-93EB-A0F7FF49D594}.Debug|Any CPU.Build.0 = Debug|Any CPU
		{0FB6A00A-7C24-455A-93EB-A0F7FF49D594}.Debug|Any CPU.Deploy.0 = Debug|Any CPU
		{0FB6A00A-7C24-455A-93EB-A0F7FF49D594}.Release|Any CPU.ActiveCfg = Release|Any CPU
		{0FB6A00A-7C24-455A-93EB-A0F7FF49D594}.Release|Any CPU.Build.0 = Release|Any CPU
		{0FB6A00A-7C24-455A-93EB-A0F7FF49D594}.Release|Any CPU.Deploy.0 = Release|Any CPU
		{63AAC616-CBD3-480C-A9BB-25DC46CF31A6}.Debug|Any CPU.ActiveCfg = Debug|Any CPU
		{63AAC616-CBD3-480C-A9BB-25DC46CF31A6}.Debug|Any CPU.Build.0 = Debug|Any CPU
		{63AAC616-CBD3-480C-A9BB-25DC46CF31A6}.Release|Any CPU.ActiveCfg = Release|Any CPU
		{63AAC616-CBD3-480C-A9BB-25DC46CF31A6}.Release|Any CPU.Build.0 = Release|Any CPU
	EndGlobalSection
	GlobalSection(SolutionProperties) = preSolution
		HideSolutionNode = FALSE
	EndGlobalSection
	GlobalSection(ExtensibilityGlobals) = postSolution
		SolutionGuid = {0D07F1F6-FCE1-465A-9579-D76A8985D09E}
	EndGlobalSection
EndGlobal
